
Microsoft Visual Studio Solution File, Format Version 12.00
# Visual Studio Version 17
VisualStudioVersion = 17.10.35707.196
MinimumVisualStudioVersion = 10.0.40219.1
Project("{FAE04EC0-301F-11D3-BF4B-00C04F79EFBC}") = "GitLearn", "GitLearn\GitLearn.csproj", "{3D15A439-7C29-49F0-8D77-B5A79FB042FB}"
EndProject
Global
	GlobalSection(SolutionConfigurationPlatforms) = preSolution
		Debug|Any CPU = Debug|Any CPU
		Release|Any CPU = Release|Any CPU
	EndGlobalSection
	GlobalSection(ProjectConfigurationPlatforms) = postSolution
		{3D15A439-7C29-49F0-8D77-B5A79FB042FB}.Debug|Any CPU.ActiveCfg = Debug|Any CPU
		{3D15A439-7C29-49F0-8D77-B5A79FB042FB}.Debug|Any CPU.Build.0 = Debug|Any CPU
		{3D15A439-7C29-49F0-8D77-B5A79FB042FB}.Release|Any CPU.ActiveCfg = Release|Any CPU
		{3D15A439-7C29-49F0-8D77-B5A79FB042FB}.Release|Any CPU.Build.0 = Release|Any CPU
	EndGlobalSection
	GlobalSection(SolutionProperties) = preSolution
		HideSolutionNode = FALSE
	EndGlobalSection
	GlobalSection(ExtensibilityGlobals) = postSolution
		SolutionGuid = {C188C199-587F-4C8A-87A4-EDAC0FB304DC}
	EndGlobalSection
EndGlobal
